
Microsoft Visual Studio Solution File, Format Version 12.00
# Visual Studio 15
VisualStudioVersion = 15.0.26730.12
MinimumVisualStudioVersion = 10.0.40219.1
Project("{E24C65DC-7377-472B-9ABA-BC803B73C61A}") = "WebSite1(1)", "..\..\..\..\..\Projects\WebSite1\", "{800CBFC4-D1CA-4871-8BDB-F15EC918242E}"
	ProjectSection(WebsiteProperties) = preProject
		TargetFrameworkMoniker = ".NETFramework,Version%3Dv4.6.1"
		Debug.AspNetCompiler.VirtualPath = "/localhost_56627"
		Debug.AspNetCompiler.PhysicalPath = "..\..\..\..\..\Projects\WebSite1\"
		Debug.AspNetCompiler.TargetPath = "PrecompiledWeb\localhost_56627\"
		Debug.AspNetCompiler.Updateable = "true"
		Debug.AspNetCompiler.ForceOverwrite = "true"
		Debug.AspNetCompiler.FixedNames = "false"
		Debug.AspNetCompiler.Debug = "True"
		Release.AspNetCompiler.VirtualPath = "/localhost_56627"
		Release.AspNetCompiler.PhysicalPath = "..\..\..\..\..\Projects\WebSite1\"
		Release.AspNetCompiler.TargetPath = "PrecompiledWeb\localhost_56627\"
		Release.AspNetCompiler.Updateable = "true"
		Release.AspNetCompiler.ForceOverwrite = "true"
		Release.AspNetCompiler.FixedNames = "false"
		Release.AspNetCompiler.Debug = "False"
		VWDPort = "56627"
		SlnRelativePath = "..\..\..\..\..\Projects\WebSite1\"
	EndProjectSection
EndProject
Global
	GlobalSection(SolutionConfigurationPlatforms) = preSolution
		Debug|Any CPU = Debug|Any CPU
	EndGlobalSection
	GlobalSection(ProjectConfigurationPlatforms) = postSolution
		{800CBFC4-D1CA-4871-8BDB-F15EC918242E}.Debug|Any CPU.ActiveCfg = Debug|Any CPU
		{800CBFC4-D1CA-4871-8BDB-F15EC918242E}.Debug|Any CPU.Build.0 = Debug|Any CPU
	EndGlobalSection
	GlobalSection(SolutionProperties) = preSolution
		HideSolutionNode = FALSE
	EndGlobalSection
	GlobalSection(ExtensibilityGlobals) = postSolution
		SolutionGuid = {E7ADC6F2-AEF4-4D62-868C-E7EC139D49DA}
	EndGlobalSection
EndGlobal
